
Microsoft Visual Studio Solution File, Format Version 12.00
# Visual Studio 15
VisualStudioVersion = 15.0.27703.2000
MinimumVisualStudioVersion = 10.0.40219.1
Project("{9A19103F-16F7-4668-BE54-9A1E7A4F7556}") = "FlightBooking.Console", "FlightBooking.Console\FlightBooking.Console.csproj", "{D3462ABA-785D-4EBB-833F-C5D4D8B58F4C}"
EndProject
Project("{9A19103F-16F7-4668-BE54-9A1E7A4F7556}") = "FlightBooking.Core", "FlightBooking.Core\FlightBooking.Core.csproj", "{8563B215-9CA0-42A3-869B-4DE34DB88C9D}"
EndProject
Global
	GlobalSection(SolutionConfigurationPlatforms) = preSolution
		Debug|Any CPU = Debug|Any CPU
		Release|Any CPU = Release|Any CPU
	EndGlobalSection
	GlobalSection(ProjectConfigurationPlatforms) = postSolution
		{D3462ABA-785D-4EBB-833F-C5D4D8B58F4C}.Debug|Any CPU.ActiveCfg = Debug|Any CPU
		{D3462ABA-785D-4EBB-833F-C5D4D8B58F4C}.Debug|Any CPU.Build.0 = Debug|Any CPU
		{D3462ABA-785D-4EBB-833F-C5D4D8B58F4C}.Release|Any CPU.ActiveCfg = Release|Any CPU
		{D3462ABA-785D-4EBB-833F-C5D4D8B58F4C}.Release|Any CPU.Build.0 = Release|Any CPU
		{8563B215-9CA0-42A3-869B-4DE34DB88C9D}.Debug|Any CPU.ActiveCfg = Debug|Any CPU
		{8563B215-9CA0-42A3-869B-4DE34DB88C9D}.Debug|Any CPU.Build.0 = Debug|Any CPU
		{8563B215-9CA0-42A3-869B-4DE34DB88C9D}.Release|Any CPU.ActiveCfg = Release|Any CPU
		{8563B215-9CA0-42A3-869B-4DE34DB88C9D}.Release|Any CPU.Build.0 = Release|Any CPU
	EndGlobalSection
	GlobalSection(SolutionProperties) = preSolution
		HideSolutionNode = FALSE
	EndGlobalSection
	GlobalSection(ExtensibilityGlobals) = postSolution
		SolutionGuid = {2189ECCB-F016-45D1-83DD-2046A1033C3C}
	EndGlobalSection
EndGlobal
